// !$*UTF8*$!
{
	archiveVersion = 1;
	classes = {
	};
	objectVersion = 50;
	objects = {

/* Begin PBXBuildFile section */
		DB2051DA24BC2880008DB02A /* Preferences.xib in Resources */ = {isa = PBXBuildFile; fileRef = DB2051D924BC2880008DB02A /* Preferences.xib */; };
		DB362ABB24BC307900A3322E /* ConfigureSheetController.swift in Sources */ = {isa = PBXBuildFile; fileRef = DB362ABA24BC307900A3322E /* ConfigureSheetController.swift */; };
		DBFBB1CF24BAE3E3001F1BB2 /* FractalClockView.swift in Sources */ = {isa = PBXBuildFile; fileRef = DBFBB1CE24BAE3E3001F1BB2 /* FractalClockView.swift */; };
/* End PBXBuildFile section */

/* Begin PBXFileReference section */
		DB2051D924BC2880008DB02A /* Preferences.xib */ = {isa = PBXFileReference; lastKnownFileType = file.xib; path = Preferences.xib; sourceTree = "<group>"; };
		DB362ABA24BC307900A3322E /* ConfigureSheetController.swift */ = {isa = PBXFileReference; lastKnownFileType = sourcecode.swift; path = ConfigureSheetController.swift; sourceTree = "<group>"; };
		DBFBB1BC24BAD998001F1BB2 /* FractalClock.saver */ = {isa = PBXFileReference; explicitFileType = wrapper.cfbundle; includeInIndex = 0; path = FractalClock.saver; sourceTree = BUILT_PRODUCTS_DIR; };
		DBFBB1C324BAD998001F1BB2 /* Info.plist */ = {isa = PBXFileReference; lastKnownFileType = text.plist.xml; path = Info.plist; sourceTree = "<group>"; };
		DBFBB1CE24BAE3E3001F1BB2 /* FractalClockView.swift */ = {isa = PBXFileReference; lastKnownFileType = sourcecode.swift; path = FractalClockView.swift; sourceTree = "<group>"; };
		DBFBB25224BBAB7A001F1BB2 /* AppDelegate.swift */ = {isa = PBXFileReference; lastKnownFileType = sourcecode.swift; path = AppDelegate.swift; sourceTree = "<group>"; };
		DBFBB25624BBAB7F001F1BB2 /* Assets.xcassets */ = {isa = PBXFileReference; lastKnownFileType = folder.assetcatalog; path = Assets.xcassets; sourceTree = "<group>"; };
		DBFBB25924BBAB7F001F1BB2 /* Preview Assets.xcassets */ = {isa = PBXFileReference; lastKnownFileType = folder.assetcatalog; path = "Preview Assets.xcassets"; sourceTree = "<group>"; };
		DBFBB25C24BBAB7F001F1BB2 /* Base */ = {isa = PBXFileReference; lastKnownFileType = file.storyboard; name = Base; path = Base.lproj/Main.storyboard; sourceTree = "<group>"; };
		DBFBB25E24BBAB7F001F1BB2 /* Info.plist */ = {isa = PBXFileReference; lastKnownFileType = text.plist.xml; path = Info.plist; sourceTree = "<group>"; };
		DBFBB25F24BBAB7F001F1BB2 /* FractalClockTest.entitlements */ = {isa = PBXFileReference; lastKnownFileType = text.plist.entitlements; path = FractalClockTest.entitlements; sourceTree = "<group>"; };
		DBFBB27524BBEE93001F1BB2 /* FractalClock-Bridging-Header.h */ = {isa = PBXFileReference; lastKnownFileType = sourcecode.c.h; path = "FractalClock-Bridging-Header.h"; sourceTree = "<group>"; };
/* End PBXFileReference section */

/* Begin PBXFrameworksBuildPhase section */
		DBFBB1B924BAD998001F1BB2 /* Frameworks */ = {
			isa = PBXFrameworksBuildPhase;
			buildActionMask = 2147483647;
			files = (
			);
			runOnlyForDeploymentPostprocessing = 0;
		};
/* End PBXFrameworksBuildPhase section */

/* Begin PBXGroup section */
		DBFBB1B224BAD998001F1BB2 = {
			isa = PBXGroup;
			children = (
				DBFBB1BE24BAD998001F1BB2 /* FractalClock */,
				DBFBB25124BBAB7A001F1BB2 /* FractalClockTest */,
				DBFBB1BD24BAD998001F1BB2 /* Products */,
			);
			sourceTree = "<group>";
		};
		DBFBB1BD24BAD998001F1BB2 /* Products */ = {
			isa = PBXGroup;
			children = (
				DBFBB1BC24BAD998001F1BB2 /* FractalClock.saver */,
			);
			name = Products;
			sourceTree = "<group>";
		};
		DBFBB1BE24BAD998001F1BB2 /* FractalClock */ = {
			isa = PBXGroup;
			children = (
				DBFBB1C324BAD998001F1BB2 /* Info.plist */,
				DBFBB27524BBEE93001F1BB2 /* FractalClock-Bridging-Header.h */,
				DBFBB1CE24BAE3E3001F1BB2 /* FractalClockView.swift */,
				DB362ABA24BC307900A3322E /* ConfigureSheetController.swift */,
				DB2051D924BC2880008DB02A /* Preferences.xib */,
			);
			path = FractalClock;
			sourceTree = "<group>";
		};
		DBFBB25124BBAB7A001F1BB2 /* FractalClockTest */ = {
			isa = PBXGroup;
			children = (
				DBFBB25224BBAB7A001F1BB2 /* AppDelegate.swift */,
				DBFBB25624BBAB7F001F1BB2 /* Assets.xcassets */,
				DBFBB25B24BBAB7F001F1BB2 /* Main.storyboard */,
				DBFBB25E24BBAB7F001F1BB2 /* Info.plist */,
				DBFBB25F24BBAB7F001F1BB2 /* FractalClockTest.entitlements */,
				DBFBB25824BBAB7F001F1BB2 /* Preview Content */,
			);
			path = FractalClockTest;
			sourceTree = "<group>";
		};
		DBFBB25824BBAB7F001F1BB2 /* Preview Content */ = {
			isa = PBXGroup;
			children = (
				DBFBB25924BBAB7F001F1BB2 /* Preview Assets.xcassets */,
			);
			path = "Preview Content";
			sourceTree = "<group>";
		};
/* End PBXGroup section */

/* Begin PBXHeadersBuildPhase section */
		DBFBB1B724BAD998001F1BB2 /* Headers */ = {
			isa = PBXHeadersBuildPhase;
			buildActionMask = 2147483647;
			files = (
			);
			runOnlyForDeploymentPostprocessing = 0;
		};
/* End PBXHeadersBuildPhase section */

/* Begin PBXNativeTarget section */
		DBFBB1BB24BAD998001F1BB2 /* FractalClock */ = {
			isa = PBXNativeTarget;
			buildConfigurationList = DBFBB1C624BAD998001F1BB2 /* Build configuration list for PBXNativeTarget "FractalClock" */;
			buildPhases = (
				DBFBB1B724BAD998001F1BB2 /* Headers */,
				DBFBB1B824BAD998001F1BB2 /* Sources */,
				DBFBB1B924BAD998001F1BB2 /* Frameworks */,
				DBFBB1BA24BAD998001F1BB2 /* Resources */,
			);
			buildRules = (
			);
			dependencies = (
			);
			name = FractalClock;
			productName = FractalClock;
			productReference = DBFBB1BC24BAD998001F1BB2 /* FractalClock.saver */;
			productType = "com.apple.product-type.bundle";
		};
/* End PBXNativeTarget section */

/* Begin PBXProject section */
		DBFBB1B324BAD998001F1BB2 /* Project object */ = {
			isa = PBXProject;
			attributes = {
				LastSwiftUpdateCheck = 1150;
				LastUpgradeCheck = 1150;
				ORGANIZATIONNAME = TheOnlyMrCat;
				TargetAttributes = {
					DBFBB1BB24BAD998001F1BB2 = {
						CreatedOnToolsVersion = 11.5;
						LastSwiftMigration = 1150;
					};
				};
			};
			buildConfigurationList = DBFBB1B624BAD998001F1BB2 /* Build configuration list for PBXProject "FractalClock" */;
			compatibilityVersion = "Xcode 9.3";
			developmentRegion = en;
			hasScannedForEncodings = 0;
			knownRegions = (
				en,
				Base,
			);
			mainGroup = DBFBB1B224BAD998001F1BB2;
			productRefGroup = DBFBB1BD24BAD998001F1BB2 /* Products */;
			projectDirPath = "";
			projectRoot = "";
			targets = (
				DBFBB1BB24BAD998001F1BB2 /* FractalClock */,
			);
		};
/* End PBXProject section */

/* Begin PBXResourcesBuildPhase section */
		DBFBB1BA24BAD998001F1BB2 /* Resources */ = {
			isa = PBXResourcesBuildPhase;
			buildActionMask = 2147483647;
			files = (
				DB2051DA24BC2880008DB02A /* Preferences.xib in Resources */,
			);
			runOnlyForDeploymentPostprocessing = 0;
		};
/* End PBXResourcesBuildPhase section */

/* Begin PBXSourcesBuildPhase section */
		DBFBB1B824BAD998001F1BB2 /* Sources */ = {
			isa = PBXSourcesBuildPhase;
			buildActionMask = 2147483647;
			files = (
				DB362ABB24BC307900A3322E /* ConfigureSheetController.swift in Sources */,
				DBFBB1CF24BAE3E3001F1BB2 /* FractalClockView.swift in Sources */,
			);
			runOnlyForDeploymentPostprocessing = 0;
		};
/* End PBXSourcesBuildPhase section */

/* Begin PBXVariantGroup section */
		DBFBB25B24BBAB7F001F1BB2 /* Main.storyboard */ = {
			isa = PBXVariantGroup;
			children = (
				DBFBB25C24BBAB7F001F1BB2 /* Base */,
			);
			name = Main.storyboard;
			sourceTree = "<group>";
		};
/* End PBXVariantGroup section */

/* Begin XCBuildConfiguration section */
		DBFBB1C424BAD998001F1BB2 /* Debug */ = {
			isa = XCBuildConfiguration;
			buildSettings = {
				ALWAYS_SEARCH_USER_PATHS = NO;
				CLANG_ANALYZER_NONNULL = YES;
				CLANG_ANALYZER_NUMBER_OBJECT_CONVERSION = YES_AGGRESSIVE;
				CLANG_CXX_LANGUAGE_STANDARD = "gnu++14";
				CLANG_CXX_LIBRARY = "libc++";
				CLANG_ENABLE_MODULES = YES;
				CLANG_ENABLE_OBJC_ARC = YES;
				CLANG_ENABLE_OBJC_WEAK = YES;
				CLANG_WARN_BLOCK_CAPTURE_AUTORELEASING = YES;
				CLANG_WARN_BOOL_CONVERSION = YES;
				CLANG_WARN_COMMA = YES;
				CLANG_WARN_CONSTANT_CONVERSION = YES;
				CLANG_WARN_DEPRECATED_OBJC_IMPLEMENTATIONS = YES;
				CLANG_WARN_DIRECT_OBJC_ISA_USAGE = YES_ERROR;
				CLANG_WARN_DOCUMENTATION_COMMENTS = YES;
				CLANG_WARN_EMPTY_BODY = YES;
				CLANG_WARN_ENUM_CONVERSION = YES;
				CLANG_WARN_INFINITE_RECURSION = YES;
				CLANG_WARN_INT_CONVERSION = YES;
				CLANG_WARN_NON_LITERAL_NULL_CONVERSION = YES;
				CLANG_WARN_OBJC_IMPLICIT_RETAIN_SELF = YES;
				CLANG_WARN_OBJC_LITERAL_CONVERSION = YES;
				CLANG_WARN_OBJC_ROOT_CLASS = YES_ERROR;
				CLANG_WARN_RANGE_LOOP_ANALYSIS = YES;
				CLANG_WARN_STRICT_PROTOTYPES = YES;
				CLANG_WARN_SUSPICIOUS_MOVE = YES;
				CLANG_WARN_UNGUARDED_AVAILABILITY = YES_AGGRESSIVE;
				CLANG_WARN_UNREACHABLE_CODE = YES;
				CLANG_WARN__DUPLICATE_METHOD_MATCH = YES;
				COPY_PHASE_STRIP = NO;
				DEBUG_INFORMATION_FORMAT = dwarf;
				ENABLE_STRICT_OBJC_MSGSEND = YES;
				ENABLE_TESTABILITY = YES;
				GCC_C_LANGUAGE_STANDARD = gnu11;
				GCC_DYNAMIC_NO_PIC = NO;
				GCC_NO_COMMON_BLOCKS = YES;
				GCC_OPTIMIZATION_LEVEL = 0;
				GCC_PREPROCESSOR_DEFINITIONS = (
					"DEBUG=1",
					"$(inherited)",
				);
				GCC_WARN_64_TO_32_BIT_CONVERSION = YES;
				GCC_WARN_ABOUT_RETURN_TYPE = YES_ERROR;
				GCC_WARN_UNDECLARED_SELECTOR = YES;
				GCC_WARN_UNINITIALIZED_AUTOS = YES_AGGRESSIVE;
				GCC_WARN_UNUSED_FUNCTION = YES;
				GCC_WARN_UNUSED_VARIABLE = YES;
				MACOSX_DEPLOYMENT_TARGET = 10.14;
				MTL_ENABLE_DEBUG_INFO = INCLUDE_SOURCE;
				MTL_FAST_MATH = YES;
				ONLY_ACTIVE_ARCH = YES;
				SDKROOT = macosx;
			};
			name = Debug;
		};
		DBFBB1C524BAD998001F1BB2 /* Release */ = {
			isa = XCBuildConfiguration;
			buildSettings = {
				ALWAYS_SEARCH_USER_PATHS = NO;
				CLANG_ANALYZER_NONNULL = YES;
				CLANG_ANALYZER_NUMBER_OBJECT_CONVERSION = YES_AGGRESSIVE;
				CLANG_CXX_LANGUAGE_STANDARD = "gnu++14";
				CLANG_CXX_LIBRARY = "libc++";
				CLANG_ENABLE_MODULES = YES;
				CLANG_ENABLE_OBJC_ARC = YES;
				CLANG_ENABLE_OBJC_WEAK = YES;
				CLANG_WARN_BLOCK_CAPTURE_AUTORELEASING = YES;
				CLANG_WARN_BOOL_CONVERSION = YES;
				CLANG_WARN_COMMA = YES;
				CLANG_WARN_CONSTANT_CONVERSION = YES;
				CLANG_WARN_DEPRECATED_OBJC_IMPLEMENTATIONS = YES;
				CLANG_WARN_DIRECT_OBJC_ISA_USAGE = YES_ERROR;
				CLANG_WARN_DOCUMENTATION_COMMENTS = YES;
				CLANG_WARN_EMPTY_BODY = YES;
				CLANG_WARN_ENUM_CONVERSION = YES;
				CLANG_WARN_INFINITE_RECURSION = YES;
				CLANG_WARN_INT_CONVERSION = YES;
				CLANG_WARN_NON_LITERAL_NULL_CONVERSION = YES;
				CLANG_WARN_OBJC_IMPLICIT_RETAIN_SELF = YES;
				CLANG_WARN_OBJC_LITERAL_CONVERSION = YES;
				CLANG_WARN_OBJC_ROOT_CLASS = YES_ERROR;
				CLANG_WARN_RANGE_LOOP_ANALYSIS = YES;
				CLANG_WARN_STRICT_PROTOTYPES = YES;
				CLANG_WARN_SUSPICIOUS_MOVE = YES;
				CLANG_WARN_UNGUARDED_AVAILABILITY = YES_AGGRESSIVE;
				CLANG_WARN_UNREACHABLE_CODE = YES;
				CLANG_WARN__DUPLICATE_METHOD_MATCH = YES;
				COPY_PHASE_STRIP = NO;
				DEBUG_INFORMATION_FORMAT = "dwarf-with-dsym";
				ENABLE_NS_ASSERTIONS = NO;
				ENABLE_STRICT_OBJC_MSGSEND = YES;
				GCC_C_LANGUAGE_STANDARD = gnu11;
				GCC_NO_COMMON_BLOCKS = YES;
				GCC_WARN_64_TO_32_BIT_CONVERSION = YES;
				GCC_WARN_ABOUT_RETURN_TYPE = YES_ERROR;
				GCC_WARN_UNDECLARED_SELECTOR = YES;
				GCC_WARN_UNINITIALIZED_AUTOS = YES_AGGRESSIVE;
				GCC_WARN_UNUSED_FUNCTION = YES;
				GCC_WARN_UNUSED_VARIABLE = YES;
				MACOSX_DEPLOYMENT_TARGET = 10.14;
				MTL_ENABLE_DEBUG_INFO = NO;
				MTL_FAST_MATH = YES;
				SDKROOT = macosx;
			};
			name = Release;
		};
		DBFBB1C724BAD998001F1BB2 /* Debug */ = {
			isa = XCBuildConfiguration;
			buildSettings = {
				CLANG_ENABLE_MODULES = YES;
				CODE_SIGN_IDENTITY = "Apple Development";
				CODE_SIGN_STYLE = Automatic;
				COMBINE_HIDPI_IMAGES = YES;
				DEVELOPMENT_TEAM = VE4NKGKNK9;
				INFOPLIST_FILE = FractalClock/Info.plist;
				INSTALL_PATH = "$(HOME)/Library/Screen Savers";
				LD_RUNPATH_SEARCH_PATHS = (
					"$(inherited)",
					"@executable_path/../Frameworks",
					"@loader_path/../Frameworks",
				);
				MACOSX_DEPLOYMENT_TARGET = 10.14;
				PRODUCT_BUNDLE_IDENTIFIER = com.mrcat.FractalClock;
				PRODUCT_NAME = "$(TARGET_NAME)";
				SWIFT_OBJC_BRIDGING_HEADER = "FractalClock/FractalClock-Bridging-Header.h";
				SWIFT_OPTIMIZATION_LEVEL = "-Onone";
				SWIFT_VERSION = 5.0;
				WRAPPER_EXTENSION = saver;
			};
			name = Debug;
		};
		DBFBB1C824BAD998001F1BB2 /* Release */ = {
			isa = XCBuildConfiguration;
			buildSettings = {
				CLANG_ENABLE_MODULES = YES;
				CODE_SIGN_IDENTITY = "Apple Development";
				CODE_SIGN_STYLE = Automatic;
				COMBINE_HIDPI_IMAGES = YES;
				DEVELOPMENT_TEAM = VE4NKGKNK9;
				INFOPLIST_FILE = FractalClock/Info.plist;
				INSTALL_PATH = "$(HOME)/Library/Screen Savers";
				LD_RUNPATH_SEARCH_PATHS = (
					"$(inherited)",
					"@executable_path/../Frameworks",
					"@loader_path/../Frameworks",
				);
				MACOSX_DEPLOYMENT_TARGET = 10.14;
				PRODUCT_BUNDLE_IDENTIFIER = com.mrcat.FractalClock;
				PRODUCT_NAME = "$(TARGET_NAME)";
				SWIFT_OBJC_BRIDGING_HEADER = "FractalClock/FractalClock-Bridging-Header.h";
				SWIFT_VERSION = 5.0;
				WRAPPER_EXTENSION = saver;
			};
			name = Release;
		};
/* End XCBuildConfiguration section */

/* Begin XCConfigurationList section */
		DBFBB1B624BAD998001F1BB2 /* Build configuration list for PBXProject "FractalClock" */ = {
			isa = XCConfigurationList;
			buildConfigurations = (
				DBFBB1C424BAD998001F1BB2 /* Debug */,
				DBFBB1C524BAD998001F1BB2 /* Release */,
			);
			defaultConfigurationIsVisible = 0;
			defaultConfigurationName = Release;
		};
		DBFBB1C624BAD998001F1BB2 /* Build configuration list for PBXNativeTarget "FractalClock" */ = {
			isa = XCConfigurationList;
			buildConfigurations = (
				DBFBB1C724BAD998001F1BB2 /* Debug */,
				DBFBB1C824BAD998001F1BB2 /* Release */,
			);
			defaultConfigurationIsVisible = 0;
			defaultConfigurationName = Release;
		};
/* End XCConfigurationList section */
	};
	rootObject = DBFBB1B324BAD998001F1BB2 /* Project object */;
}
